
Microsoft Visual Studio Solution File, Format Version 12.00
# Visual Studio Version 17
VisualStudioVersion = 17.3.32825.248
MinimumVisualStudioVersion = 10.0.40219.1
Project("{FAE04EC0-301F-11D3-BF4B-00C04F79EFBC}") = "TextApplication", "TextApplication.csproj", "{F148E4A9-5B54-41EB-B0FA-328B3D31D118}"
EndProject
Global
	GlobalSection(SolutionConfigurationPlatforms) = preSolution
		Debug|Any CPU = Debug|Any CPU
		Release|Any CPU = Release|Any CPU
	EndGlobalSection
	GlobalSection(ProjectConfigurationPlatforms) = postSolution
		{F148E4A9-5B54-41EB-B0FA-328B3D31D118}.Debug|Any CPU.ActiveCfg = Debug|Any CPU
		{F148E4A9-5B54-41EB-B0FA-328B3D31D118}.Debug|Any CPU.Build.0 = Debug|Any CPU
		{F148E4A9-5B54-41EB-B0FA-328B3D31D118}.Release|Any CPU.ActiveCfg = Release|Any CPU
		{F148E4A9-5B54-41EB-B0FA-328B3D31D118}.Release|Any CPU.Build.0 = Release|Any CPU
	EndGlobalSection
	GlobalSection(SolutionProperties) = preSolution
		HideSolutionNode = FALSE
	EndGlobalSection
	GlobalSection(ExtensibilityGlobals) = postSolution
		SolutionGuid = {2C94275F-24D9-44EA-8D20-9B77F73FDFC3}
	EndGlobalSection
EndGlobal
